
Microsoft Visual Studio Solution File, Format Version 12.00
# Visual Studio Version 17
VisualStudioVersion = 17.0.31903.59
MinimumVisualStudioVersion = 10.0.40219.1
Project("{F184B08F-C81C-45F6-A57F-5ABD9991F28F}") = "Hasher", "Hasher\Hasher.vbproj", "{CBCA2ED4-D73A-40F2-9BAB-1C1F1A5534A5}"
EndProject
Project("{2150E333-8FDC-42A3-9474-1A3956D46DE8}") = "Solution Items", "Solution Items", "{FA591549-F34A-468C-93BB-89093482CD1A}"
	ProjectSection(SolutionItems) = preProject
		.editorconfig = .editorconfig
	EndProjectSection
EndProject
Global
	GlobalSection(SolutionConfigurationPlatforms) = preSolution
		Debug|Any CPU = Debug|Any CPU
		Release|Any CPU = Release|Any CPU
	EndGlobalSection
	GlobalSection(ProjectConfigurationPlatforms) = postSolution
		{CBCA2ED4-D73A-40F2-9BAB-1C1F1A5534A5}.Debug|Any CPU.ActiveCfg = Debug|Any CPU
		{CBCA2ED4-D73A-40F2-9BAB-1C1F1A5534A5}.Debug|Any CPU.Build.0 = Debug|Any CPU
		{CBCA2ED4-D73A-40F2-9BAB-1C1F1A5534A5}.Release|Any CPU.ActiveCfg = Release|Any CPU
		{CBCA2ED4-D73A-40F2-9BAB-1C1F1A5534A5}.Release|Any CPU.Build.0 = Release|Any CPU
	EndGlobalSection
	GlobalSection(SolutionProperties) = preSolution
		HideSolutionNode = FALSE
	EndGlobalSection
	GlobalSection(ExtensibilityGlobals) = postSolution
		SolutionGuid = {2BF87584-9C5C-4840-BE7C-6D8CD1B84540}
	EndGlobalSection
EndGlobal
